
Microsoft Visual Studio Solution File, Format Version 12.00
# Visual Studio Version 17
VisualStudioVersion = 17.13.35931.197 d17.13
MinimumVisualStudioVersion = 10.0.40219.1
Project("{FAE04EC0-301F-11D3-BF4B-00C04F79EFBC}") = "OOP", "OOP\OOP.csproj", "{06D1BAAD-E803-49B9-B95B-6769CBD5CC8B}"
EndProject
Global
	GlobalSection(SolutionConfigurationPlatforms) = preSolution
		Debug|Any CPU = Debug|Any CPU
		Release|Any CPU = Release|Any CPU
	EndGlobalSection
	GlobalSection(ProjectConfigurationPlatforms) = postSolution
		{06D1BAAD-E803-49B9-B95B-6769CBD5CC8B}.Debug|Any CPU.ActiveCfg = Debug|Any CPU
		{06D1BAAD-E803-49B9-B95B-6769CBD5CC8B}.Debug|Any CPU.Build.0 = Debug|Any CPU
		{06D1BAAD-E803-49B9-B95B-6769CBD5CC8B}.Release|Any CPU.ActiveCfg = Release|Any CPU
		{06D1BAAD-E803-49B9-B95B-6769CBD5CC8B}.Release|Any CPU.Build.0 = Release|Any CPU
	EndGlobalSection
	GlobalSection(SolutionProperties) = preSolution
		HideSolutionNode = FALSE
	EndGlobalSection
	GlobalSection(ExtensibilityGlobals) = postSolution
		SolutionGuid = {44ECDED9-CE02-4A53-9433-1ABCF166AD4B}
	EndGlobalSection
EndGlobal
